
Microsoft Visual Studio Solution File, Format Version 12.00
# Visual Studio Version 16
VisualStudioVersion = 16.0.31025.194
MinimumVisualStudioVersion = 10.0.40219.1
Project("{8BC9CEB8-8B4A-11D0-8D11-00A0C91BC942}") = "Tree_Lab", "Tree_Lab\Tree_Lab.vcxproj", "{12187992-2399-45D0-815D-8DFD3124346C}"
EndProject
Global
	GlobalSection(SolutionConfigurationPlatforms) = preSolution
		Debug|x64 = Debug|x64
		Debug|x86 = Debug|x86
		Release|x64 = Release|x64
		Release|x86 = Release|x86
	EndGlobalSection
	GlobalSection(ProjectConfigurationPlatforms) = postSolution
		{12187992-2399-45D0-815D-8DFD3124346C}.Debug|x64.ActiveCfg = Debug|x64
		{12187992-2399-45D0-815D-8DFD3124346C}.Debug|x64.Build.0 = Debug|x64
		{12187992-2399-45D0-815D-8DFD3124346C}.Debug|x86.ActiveCfg = Debug|Win32
		{12187992-2399-45D0-815D-8DFD3124346C}.Debug|x86.Build.0 = Debug|Win32
		{12187992-2399-45D0-815D-8DFD3124346C}.Release|x64.ActiveCfg = Release|x64
		{12187992-2399-45D0-815D-8DFD3124346C}.Release|x64.Build.0 = Release|x64
		{12187992-2399-45D0-815D-8DFD3124346C}.Release|x86.ActiveCfg = Release|Win32
		{12187992-2399-45D0-815D-8DFD3124346C}.Release|x86.Build.0 = Release|Win32
	EndGlobalSection
	GlobalSection(SolutionProperties) = preSolution
		HideSolutionNode = FALSE
	EndGlobalSection
	GlobalSection(ExtensibilityGlobals) = postSolution
		SolutionGuid = {218E320F-0AB5-40A8-865D-FEC9C75E0C77}
	EndGlobalSection
EndGlobal
